
Microsoft Visual Studio Solution File, Format Version 12.00
# Visual Studio Version 17
VisualStudioVersion = 17.2.32519.379
MinimumVisualStudioVersion = 10.0.40219.1
Project("{FAE04EC0-301F-11D3-BF4B-00C04F79EFBC}") = "Stack", "Stack\Stack.csproj", "{C8D30EC5-D873-4733-90E8-78E905FC3A45}"
EndProject
Global
	GlobalSection(SolutionConfigurationPlatforms) = preSolution
		Debug|Any CPU = Debug|Any CPU
		Release|Any CPU = Release|Any CPU
	EndGlobalSection
	GlobalSection(ProjectConfigurationPlatforms) = postSolution
		{C8D30EC5-D873-4733-90E8-78E905FC3A45}.Debug|Any CPU.ActiveCfg = Debug|Any CPU
		{C8D30EC5-D873-4733-90E8-78E905FC3A45}.Debug|Any CPU.Build.0 = Debug|Any CPU
		{C8D30EC5-D873-4733-90E8-78E905FC3A45}.Release|Any CPU.ActiveCfg = Release|Any CPU
		{C8D30EC5-D873-4733-90E8-78E905FC3A45}.Release|Any CPU.Build.0 = Release|Any CPU
	EndGlobalSection
	GlobalSection(SolutionProperties) = preSolution
		HideSolutionNode = FALSE
	EndGlobalSection
	GlobalSection(ExtensibilityGlobals) = postSolution
		SolutionGuid = {5CC577BD-3B6F-4142-914F-E65655749E6A}
	EndGlobalSection
EndGlobal
