
Microsoft Visual Studio Solution File, Format Version 12.00
# Visual Studio Version 17
VisualStudioVersion = 17.1.32414.318
MinimumVisualStudioVersion = 10.0.40219.1
Project("{FAE04EC0-301F-11D3-BF4B-00C04F79EFBC}") = "MatricesArray", "MatricesArray\MatricesArray.csproj", "{2B6369D7-D19F-4C5C-9952-47E40EC725CA}"
EndProject
Global
	GlobalSection(SolutionConfigurationPlatforms) = preSolution
		Debug|Any CPU = Debug|Any CPU
		Release|Any CPU = Release|Any CPU
	EndGlobalSection
	GlobalSection(ProjectConfigurationPlatforms) = postSolution
		{2B6369D7-D19F-4C5C-9952-47E40EC725CA}.Debug|Any CPU.ActiveCfg = Debug|Any CPU
		{2B6369D7-D19F-4C5C-9952-47E40EC725CA}.Debug|Any CPU.Build.0 = Debug|Any CPU
		{2B6369D7-D19F-4C5C-9952-47E40EC725CA}.Release|Any CPU.ActiveCfg = Release|Any CPU
		{2B6369D7-D19F-4C5C-9952-47E40EC725CA}.Release|Any CPU.Build.0 = Release|Any CPU
	EndGlobalSection
	GlobalSection(SolutionProperties) = preSolution
		HideSolutionNode = FALSE
	EndGlobalSection
	GlobalSection(ExtensibilityGlobals) = postSolution
		SolutionGuid = {A12322E6-E7CC-4219-8E0E-C6509AAD427D}
	EndGlobalSection
EndGlobal
