
Microsoft Visual Studio Solution File, Format Version 12.00
# Visual Studio Version 17
VisualStudioVersion = 17.1.32414.318
MinimumVisualStudioVersion = 10.0.40219.1
Project("{FAE04EC0-301F-11D3-BF4B-00C04F79EFBC}") = "While_DoWhile", "While_DoWhile\While_DoWhile.csproj", "{1464F7E9-0431-4140-A608-5144459063D0}"
EndProject
Global
	GlobalSection(SolutionConfigurationPlatforms) = preSolution
		Debug|Any CPU = Debug|Any CPU
		Release|Any CPU = Release|Any CPU
	EndGlobalSection
	GlobalSection(ProjectConfigurationPlatforms) = postSolution
		{1464F7E9-0431-4140-A608-5144459063D0}.Debug|Any CPU.ActiveCfg = Debug|Any CPU
		{1464F7E9-0431-4140-A608-5144459063D0}.Debug|Any CPU.Build.0 = Debug|Any CPU
		{1464F7E9-0431-4140-A608-5144459063D0}.Release|Any CPU.ActiveCfg = Release|Any CPU
		{1464F7E9-0431-4140-A608-5144459063D0}.Release|Any CPU.Build.0 = Release|Any CPU
	EndGlobalSection
	GlobalSection(SolutionProperties) = preSolution
		HideSolutionNode = FALSE
	EndGlobalSection
	GlobalSection(ExtensibilityGlobals) = postSolution
		SolutionGuid = {59CBFBF0-8868-44BD-BDEB-33476B4F25C9}
	EndGlobalSection
EndGlobal
