
Microsoft Visual Studio Solution File, Format Version 12.00
# Visual Studio Version 17
VisualStudioVersion = 17.2.32519.379
MinimumVisualStudioVersion = 10.0.40219.1
Project("{FAE04EC0-301F-11D3-BF4B-00C04F79EFBC}") = "EjerciciosArrays", "EjerciciosArrays\EjerciciosArrays.csproj", "{265B5457-F0B0-47A2-9C21-ECA1CB8E6FC3}"
EndProject
Global
	GlobalSection(SolutionConfigurationPlatforms) = preSolution
		Debug|Any CPU = Debug|Any CPU
		Release|Any CPU = Release|Any CPU
	EndGlobalSection
	GlobalSection(ProjectConfigurationPlatforms) = postSolution
		{265B5457-F0B0-47A2-9C21-ECA1CB8E6FC3}.Debug|Any CPU.ActiveCfg = Debug|Any CPU
		{265B5457-F0B0-47A2-9C21-ECA1CB8E6FC3}.Debug|Any CPU.Build.0 = Debug|Any CPU
		{265B5457-F0B0-47A2-9C21-ECA1CB8E6FC3}.Release|Any CPU.ActiveCfg = Release|Any CPU
		{265B5457-F0B0-47A2-9C21-ECA1CB8E6FC3}.Release|Any CPU.Build.0 = Release|Any CPU
	EndGlobalSection
	GlobalSection(SolutionProperties) = preSolution
		HideSolutionNode = FALSE
	EndGlobalSection
	GlobalSection(ExtensibilityGlobals) = postSolution
		SolutionGuid = {53FC8352-A5B0-407D-B56E-0346F2FC482F}
	EndGlobalSection
EndGlobal
