
Microsoft Visual Studio Solution File, Format Version 12.00
# Visual Studio Version 17
VisualStudioVersion = 17.2.32519.379
MinimumVisualStudioVersion = 10.0.40219.1
Project("{FAE04EC0-301F-11D3-BF4B-00C04F79EFBC}") = "Ejercicio1", "Ejercicio1\Ejercicio1.csproj", "{99195712-C2E3-4DF9-AADE-FA3534AE2225}"
EndProject
Global
	GlobalSection(SolutionConfigurationPlatforms) = preSolution
		Debug|Any CPU = Debug|Any CPU
		Release|Any CPU = Release|Any CPU
	EndGlobalSection
	GlobalSection(ProjectConfigurationPlatforms) = postSolution
		{99195712-C2E3-4DF9-AADE-FA3534AE2225}.Debug|Any CPU.ActiveCfg = Debug|Any CPU
		{99195712-C2E3-4DF9-AADE-FA3534AE2225}.Debug|Any CPU.Build.0 = Debug|Any CPU
		{99195712-C2E3-4DF9-AADE-FA3534AE2225}.Release|Any CPU.ActiveCfg = Release|Any CPU
		{99195712-C2E3-4DF9-AADE-FA3534AE2225}.Release|Any CPU.Build.0 = Release|Any CPU
	EndGlobalSection
	GlobalSection(SolutionProperties) = preSolution
		HideSolutionNode = FALSE
	EndGlobalSection
	GlobalSection(ExtensibilityGlobals) = postSolution
		SolutionGuid = {A069EBC2-4DD1-4262-B4F8-BEEFEEB9CE51}
	EndGlobalSection
EndGlobal
