
Microsoft Visual Studio Solution File, Format Version 12.00
# Visual Studio Version 17
VisualStudioVersion = 17.1.32414.318
MinimumVisualStudioVersion = 10.0.40219.1
Project("{FAE04EC0-301F-11D3-BF4B-00C04F79EFBC}") = "EjercicioClase07", "EjercicioClase07\EjercicioClase07.csproj", "{CFCC6CA6-8BA4-4578-AED2-9CABD1F0A11C}"
EndProject
Global
	GlobalSection(SolutionConfigurationPlatforms) = preSolution
		Debug|Any CPU = Debug|Any CPU
		Release|Any CPU = Release|Any CPU
	EndGlobalSection
	GlobalSection(ProjectConfigurationPlatforms) = postSolution
		{CFCC6CA6-8BA4-4578-AED2-9CABD1F0A11C}.Debug|Any CPU.ActiveCfg = Debug|Any CPU
		{CFCC6CA6-8BA4-4578-AED2-9CABD1F0A11C}.Debug|Any CPU.Build.0 = Debug|Any CPU
		{CFCC6CA6-8BA4-4578-AED2-9CABD1F0A11C}.Release|Any CPU.ActiveCfg = Release|Any CPU
		{CFCC6CA6-8BA4-4578-AED2-9CABD1F0A11C}.Release|Any CPU.Build.0 = Release|Any CPU
	EndGlobalSection
	GlobalSection(SolutionProperties) = preSolution
		HideSolutionNode = FALSE
	EndGlobalSection
	GlobalSection(ExtensibilityGlobals) = postSolution
		SolutionGuid = {AF873E9F-5EAE-4305-87A1-E9742D9B6DE1}
	EndGlobalSection
EndGlobal
