
Microsoft Visual Studio Solution File, Format Version 12.00
# Visual Studio Version 17
VisualStudioVersion = 17.2.32519.379
MinimumVisualStudioVersion = 10.0.40219.1
Project("{FAE04EC0-301F-11D3-BF4B-00C04F79EFBC}") = "EjercicioArrays2", "EjercicioArrays2\EjercicioArrays2.csproj", "{72D65A93-9687-4837-8162-0BB99F2E5C89}"
EndProject
Global
	GlobalSection(SolutionConfigurationPlatforms) = preSolution
		Debug|Any CPU = Debug|Any CPU
		Release|Any CPU = Release|Any CPU
	EndGlobalSection
	GlobalSection(ProjectConfigurationPlatforms) = postSolution
		{72D65A93-9687-4837-8162-0BB99F2E5C89}.Debug|Any CPU.ActiveCfg = Debug|Any CPU
		{72D65A93-9687-4837-8162-0BB99F2E5C89}.Debug|Any CPU.Build.0 = Debug|Any CPU
		{72D65A93-9687-4837-8162-0BB99F2E5C89}.Release|Any CPU.ActiveCfg = Release|Any CPU
		{72D65A93-9687-4837-8162-0BB99F2E5C89}.Release|Any CPU.Build.0 = Release|Any CPU
	EndGlobalSection
	GlobalSection(SolutionProperties) = preSolution
		HideSolutionNode = FALSE
	EndGlobalSection
	GlobalSection(ExtensibilityGlobals) = postSolution
		SolutionGuid = {7B1FD5A6-1AAF-4C20-9223-160CBEBFD59D}
	EndGlobalSection
EndGlobal
