
Microsoft Visual Studio Solution File, Format Version 12.00
# Visual Studio Version 17
VisualStudioVersion = 17.2.32519.379
MinimumVisualStudioVersion = 10.0.40219.1
Project("{FAE04EC0-301F-11D3-BF4B-00C04F79EFBC}") = "EjercicioClase08", "EjercicioClase08\EjercicioClase08.csproj", "{9B3766EB-0BBB-4DBA-BA5B-3218FF0013D4}"
EndProject
Global
	GlobalSection(SolutionConfigurationPlatforms) = preSolution
		Debug|Any CPU = Debug|Any CPU
		Release|Any CPU = Release|Any CPU
	EndGlobalSection
	GlobalSection(ProjectConfigurationPlatforms) = postSolution
		{9B3766EB-0BBB-4DBA-BA5B-3218FF0013D4}.Debug|Any CPU.ActiveCfg = Debug|Any CPU
		{9B3766EB-0BBB-4DBA-BA5B-3218FF0013D4}.Debug|Any CPU.Build.0 = Debug|Any CPU
		{9B3766EB-0BBB-4DBA-BA5B-3218FF0013D4}.Release|Any CPU.ActiveCfg = Release|Any CPU
		{9B3766EB-0BBB-4DBA-BA5B-3218FF0013D4}.Release|Any CPU.Build.0 = Release|Any CPU
	EndGlobalSection
	GlobalSection(SolutionProperties) = preSolution
		HideSolutionNode = FALSE
	EndGlobalSection
	GlobalSection(ExtensibilityGlobals) = postSolution
		SolutionGuid = {F7D6514B-7EFC-431C-95E6-C54DBB7CF637}
	EndGlobalSection
EndGlobal
